// !$*UTF8*$!
{
	archiveVersion = 1;
	classes = {
	};
	objectVersion = 42;
	objects = {

/* Begin PBXBuildFile section */
		341EE25D10A52B20005A90FD /* Copying.txt in Resources */ = {isa = PBXBuildFile; fileRef = 341EE25C10A52B20005A90FD /* Copying.txt */; };
		341EE29310A52BC0005A90FD /* libcurl.dylib in Frameworks */ = {isa = PBXBuildFile; fileRef = 341EE29210A52BC0005A90FD /* libcurl.dylib */; };
		34A7DADF109EC3EA00FFF556 /* ASHistoryView.m in Sources */ = {isa = PBXBuildFile; fileRef = 34A7DADD109EC3EA00FFF556 /* ASHistoryView.m */; };
		34BC59AB10998237006F5082 /* ASInetUsageController.m in Sources */ = {isa = PBXBuildFile; fileRef = 34BC59AA10998237006F5082 /* ASInetUsageController.m */; };
		34BC5A5A1099F356006F5082 /* ASHistoryDay.m in Sources */ = {isa = PBXBuildFile; fileRef = 34BC5A591099F356006F5082 /* ASHistoryDay.m */; };
		34BC5A8F1099F740006F5082 /* ASHistoryPeriod.m in Sources */ = {isa = PBXBuildFile; fileRef = 34BC5A8E1099F740006F5082 /* ASHistoryPeriod.m */; };
		34BC5AF0109A03F1006F5082 /* ASHistory.m in Sources */ = {isa = PBXBuildFile; fileRef = 34BC5AEF109A03F1006F5082 /* ASHistory.m */; };
		34D76244109B928A008C4DE7 /* padsl-usage.txt in Resources */ = {isa = PBXBuildFile; fileRef = 34D76241109B927D008C4DE7 /* padsl-usage.txt */; };
		34D76B2C109EA756008C4DE7 /* Security.framework in Frameworks */ = {isa = PBXBuildFile; fileRef = 34D76B2B109EA756008C4DE7 /* Security.framework */; };
		8D11072A0486CEB800E47090 /* MainMenu.nib in Resources */ = {isa = PBXBuildFile; fileRef = 29B97318FDCFA39411CA2CEA /* MainMenu.nib */; };
		8D11072B0486CEB800E47090 /* InfoPlist.strings in Resources */ = {isa = PBXBuildFile; fileRef = 089C165CFE840E0CC02AAC07 /* InfoPlist.strings */; };
		8D11072D0486CEB800E47090 /* main.m in Sources */ = {isa = PBXBuildFile; fileRef = 29B97316FDCFA39411CA2CEA /* main.m */; settings = {ATTRIBUTES = (); }; };
		8D11072F0486CEB800E47090 /* Cocoa.framework in Frameworks */ = {isa = PBXBuildFile; fileRef = 1058C7A1FEA54F0111CA2CBB /* Cocoa.framework */; };
/* End PBXBuildFile section */

/* Begin PBXCopyFilesBuildPhase section */
		34BC5BAD109A0FDC006F5082 /* CopyFiles */ = {
			isa = PBXCopyFilesBuildPhase;
			buildActionMask = 2147483647;
			dstPath = "";
			dstSubfolderSpec = 10;
			files = (
			);
			runOnlyForDeploymentPostprocessing = 0;
		};
/* End PBXCopyFilesBuildPhase section */

/* Begin PBXFileReference section */
		089C165DFE840E0CC02AAC07 /* English */ = {isa = PBXFileReference; fileEncoding = 4; lastKnownFileType = text.plist.strings; name = English; path = English.lproj/InfoPlist.strings; sourceTree = "<group>"; };
		1058C7A1FEA54F0111CA2CBB /* Cocoa.framework */ = {isa = PBXFileReference; lastKnownFileType = wrapper.framework; name = Cocoa.framework; path = /System/Library/Frameworks/Cocoa.framework; sourceTree = "<absolute>"; };
		13E42FB307B3F0F600E4EEF1 /* CoreData.framework */ = {isa = PBXFileReference; lastKnownFileType = wrapper.framework; name = CoreData.framework; path = /System/Library/Frameworks/CoreData.framework; sourceTree = "<absolute>"; };
		29B97316FDCFA39411CA2CEA /* main.m */ = {isa = PBXFileReference; fileEncoding = 4; lastKnownFileType = sourcecode.c.objc; path = main.m; sourceTree = "<group>"; };
		29B97319FDCFA39411CA2CEA /* English */ = {isa = PBXFileReference; lastKnownFileType = wrapper.nib; name = English; path = English.lproj/MainMenu.nib; sourceTree = "<group>"; };
		29B97324FDCFA39411CA2CEA /* AppKit.framework */ = {isa = PBXFileReference; lastKnownFileType = wrapper.framework; name = AppKit.framework; path = /System/Library/Frameworks/AppKit.framework; sourceTree = "<absolute>"; };
		29B97325FDCFA39411CA2CEA /* Foundation.framework */ = {isa = PBXFileReference; lastKnownFileType = wrapper.framework; name = Foundation.framework; path = /System/Library/Frameworks/Foundation.framework; sourceTree = "<absolute>"; };
		32CA4F630368D1EE00C91783 /* InternetUsage_Prefix.pch */ = {isa = PBXFileReference; fileEncoding = 4; lastKnownFileType = sourcecode.c.h; path = InternetUsage_Prefix.pch; sourceTree = "<group>"; };
		341EE23B10A52A95005A90FD /* ReadMe.txt */ = {isa = PBXFileReference; fileEncoding = 4; lastKnownFileType = text; path = ReadMe.txt; sourceTree = "<group>"; };
		341EE25C10A52B20005A90FD /* Copying.txt */ = {isa = PBXFileReference; fileEncoding = 4; lastKnownFileType = text; path = Copying.txt; sourceTree = "<group>"; };
		341EE29210A52BC0005A90FD /* libcurl.dylib */ = {isa = PBXFileReference; lastKnownFileType = "compiled.mach-o.dylib"; name = libcurl.dylib; path = /usr/lib/libcurl.dylib; sourceTree = "<absolute>"; };
		34A7DADC109EC3EA00FFF556 /* ASHistoryView.h */ = {isa = PBXFileReference; fileEncoding = 4; lastKnownFileType = sourcecode.c.h; path = ASHistoryView.h; sourceTree = "<group>"; };
		34A7DADD109EC3EA00FFF556 /* ASHistoryView.m */ = {isa = PBXFileReference; fileEncoding = 4; lastKnownFileType = sourcecode.c.objc; path = ASHistoryView.m; sourceTree = "<group>"; };
		34BC59A910998237006F5082 /* ASInetUsageController.h */ = {isa = PBXFileReference; fileEncoding = 30; lastKnownFileType = sourcecode.c.h; path = ASInetUsageController.h; sourceTree = "<group>"; };
		34BC59AA10998237006F5082 /* ASInetUsageController.m */ = {isa = PBXFileReference; fileEncoding = 30; lastKnownFileType = sourcecode.c.objc; path = ASInetUsageController.m; sourceTree = "<group>"; };
		34BC5A581099F356006F5082 /* ASHistoryDay.h */ = {isa = PBXFileReference; fileEncoding = 4; lastKnownFileType = sourcecode.c.h; path = ASHistoryDay.h; sourceTree = "<group>"; };
		34BC5A591099F356006F5082 /* ASHistoryDay.m */ = {isa = PBXFileReference; fileEncoding = 4; lastKnownFileType = sourcecode.c.objc; path = ASHistoryDay.m; sourceTree = "<group>"; };
		34BC5A8D1099F740006F5082 /* ASHistoryPeriod.h */ = {isa = PBXFileReference; fileEncoding = 4; lastKnownFileType = sourcecode.c.h; path = ASHistoryPeriod.h; sourceTree = "<group>"; };
		34BC5A8E1099F740006F5082 /* ASHistoryPeriod.m */ = {isa = PBXFileReference; fileEncoding = 4; lastKnownFileType = sourcecode.c.objc; path = ASHistoryPeriod.m; sourceTree = "<group>"; };
		34BC5AEE109A03F1006F5082 /* ASHistory.h */ = {isa = PBXFileReference; fileEncoding = 4; lastKnownFileType = sourcecode.c.h; path = ASHistory.h; sourceTree = "<group>"; };
		34BC5AEF109A03F1006F5082 /* ASHistory.m */ = {isa = PBXFileReference; fileEncoding = 4; lastKnownFileType = sourcecode.c.objc; path = ASHistory.m; sourceTree = "<group>"; };
		34BC5AF1109A0450006F5082 /* HistoryClassInteractions.txt */ = {isa = PBXFileReference; fileEncoding = 4; lastKnownFileType = text; path = HistoryClassInteractions.txt; sourceTree = "<group>"; };
		34D76241109B927D008C4DE7 /* padsl-usage.txt */ = {isa = PBXFileReference; fileEncoding = 30; lastKnownFileType = text; path = "padsl-usage.txt"; sourceTree = "<group>"; };
		34D7691C109D63F4008C4DE7 /* ASInternetUsageUserDefaults.h */ = {isa = PBXFileReference; fileEncoding = 4; lastKnownFileType = sourcecode.c.h; path = ASInternetUsageUserDefaults.h; sourceTree = "<group>"; };
		34D76B2B109EA756008C4DE7 /* Security.framework */ = {isa = PBXFileReference; lastKnownFileType = wrapper.framework; name = Security.framework; path = /System/Library/Frameworks/Security.framework; sourceTree = "<absolute>"; };
		8D1107310486CEB800E47090 /* Info.plist */ = {isa = PBXFileReference; fileEncoding = 4; lastKnownFileType = text.plist; path = Info.plist; sourceTree = "<group>"; };
		8D1107320486CEB800E47090 /* InodeUsage.app */ = {isa = PBXFileReference; explicitFileType = wrapper.application; includeInIndex = 0; path = InodeUsage.app; sourceTree = BUILT_PRODUCTS_DIR; };
/* End PBXFileReference section */

/* Begin PBXFrameworksBuildPhase section */
		8D11072E0486CEB800E47090 /* Frameworks */ = {
			isa = PBXFrameworksBuildPhase;
			buildActionMask = 2147483647;
			files = (
				8D11072F0486CEB800E47090 /* Cocoa.framework in Frameworks */,
				34D76B2C109EA756008C4DE7 /* Security.framework in Frameworks */,
				341EE29310A52BC0005A90FD /* libcurl.dylib in Frameworks */,
			);
			runOnlyForDeploymentPostprocessing = 0;
		};
/* End PBXFrameworksBuildPhase section */

/* Begin PBXGroup section */
		080E96DDFE201D6D7F000001 /* Classes */ = {
			isa = PBXGroup;
			children = (
				34BC59A910998237006F5082 /* ASInetUsageController.h */,
				34BC59AA10998237006F5082 /* ASInetUsageController.m */,
				34BC5AEE109A03F1006F5082 /* ASHistory.h */,
				34BC5AEF109A03F1006F5082 /* ASHistory.m */,
				34BC5A581099F356006F5082 /* ASHistoryDay.h */,
				34BC5A591099F356006F5082 /* ASHistoryDay.m */,
				34BC5A8D1099F740006F5082 /* ASHistoryPeriod.h */,
				34BC5A8E1099F740006F5082 /* ASHistoryPeriod.m */,
				34A7DADC109EC3EA00FFF556 /* ASHistoryView.h */,
				34A7DADD109EC3EA00FFF556 /* ASHistoryView.m */,
			);
			name = Classes;
			sourceTree = "<group>";
		};
		1058C7A0FEA54F0111CA2CBB /* Linked Frameworks */ = {
			isa = PBXGroup;
			children = (
				1058C7A1FEA54F0111CA2CBB /* Cocoa.framework */,
			);
			name = "Linked Frameworks";
			sourceTree = "<group>";
		};
		1058C7A2FEA54F0111CA2CBB /* Other Frameworks */ = {
			isa = PBXGroup;
			children = (
				29B97324FDCFA39411CA2CEA /* AppKit.framework */,
				13E42FB307B3F0F600E4EEF1 /* CoreData.framework */,
				29B97325FDCFA39411CA2CEA /* Foundation.framework */,
				34D76B2B109EA756008C4DE7 /* Security.framework */,
			);
			name = "Other Frameworks";
			sourceTree = "<group>";
		};
		19C28FACFE9D520D11CA2CBB /* Products */ = {
			isa = PBXGroup;
			children = (
				8D1107320486CEB800E47090 /* InodeUsage.app */,
			);
			name = Products;
			sourceTree = "<group>";
		};
		29B97314FDCFA39411CA2CEA /* InternodeUsage */ = {
			isa = PBXGroup;
			children = (
				080E96DDFE201D6D7F000001 /* Classes */,
				29B97315FDCFA39411CA2CEA /* Other Sources */,
				29B97317FDCFA39411CA2CEA /* Resources */,
				29B97323FDCFA39411CA2CEA /* Frameworks */,
				19C28FACFE9D520D11CA2CBB /* Products */,
			);
			name = InternodeUsage;
			sourceTree = "<group>";
		};
		29B97315FDCFA39411CA2CEA /* Other Sources */ = {
			isa = PBXGroup;
			children = (
				32CA4F630368D1EE00C91783 /* InternetUsage_Prefix.pch */,
				29B97316FDCFA39411CA2CEA /* main.m */,
				34D7691C109D63F4008C4DE7 /* ASInternetUsageUserDefaults.h */,
			);
			name = "Other Sources";
			sourceTree = "<group>";
		};
		29B97317FDCFA39411CA2CEA /* Resources */ = {
			isa = PBXGroup;
			children = (
				8D1107310486CEB800E47090 /* Info.plist */,
				089C165CFE840E0CC02AAC07 /* InfoPlist.strings */,
				29B97318FDCFA39411CA2CEA /* MainMenu.nib */,
				34BC5AF1109A0450006F5082 /* HistoryClassInteractions.txt */,
				341EE23B10A52A95005A90FD /* ReadMe.txt */,
				34D76241109B927D008C4DE7 /* padsl-usage.txt */,
				341EE25C10A52B20005A90FD /* Copying.txt */,
			);
			name = Resources;
			sourceTree = "<group>";
		};
		29B97323FDCFA39411CA2CEA /* Frameworks */ = {
			isa = PBXGroup;
			children = (
				341EE29210A52BC0005A90FD /* libcurl.dylib */,
				1058C7A0FEA54F0111CA2CBB /* Linked Frameworks */,
				1058C7A2FEA54F0111CA2CBB /* Other Frameworks */,
			);
			name = Frameworks;
			sourceTree = "<group>";
		};
/* End PBXGroup section */

/* Begin PBXNativeTarget section */
		8D1107260486CEB800E47090 /* InodeUsage */ = {
			isa = PBXNativeTarget;
			buildConfigurationList = C01FCF4A08A954540054247B /* Build configuration list for PBXNativeTarget "InodeUsage" */;
			buildPhases = (
				34BC5BAD109A0FDC006F5082 /* CopyFiles */,
				8D1107290486CEB800E47090 /* Resources */,
				8D11072C0486CEB800E47090 /* Sources */,
				8D11072E0486CEB800E47090 /* Frameworks */,
			);
			buildRules = (
			);
			dependencies = (
			);
			name = InodeUsage;
			productInstallPath = "$(HOME)/Applications";
			productName = InternodeUsage;
			productReference = 8D1107320486CEB800E47090 /* InodeUsage.app */;
			productType = "com.apple.product-type.application";
		};
/* End PBXNativeTarget section */

/* Begin PBXProject section */
		29B97313FDCFA39411CA2CEA /* Project object */ = {
			isa = PBXProject;
			buildConfigurationList = C01FCF4E08A954540054247B /* Build configuration list for PBXProject "InodeUsage" */;
			hasScannedForEncodings = 1;
			mainGroup = 29B97314FDCFA39411CA2CEA /* InternodeUsage */;
			projectDirPath = "";
			targets = (
				8D1107260486CEB800E47090 /* InodeUsage */,
			);
		};
/* End PBXProject section */

/* Begin PBXResourcesBuildPhase section */
		8D1107290486CEB800E47090 /* Resources */ = {
			isa = PBXResourcesBuildPhase;
			buildActionMask = 2147483647;
			files = (
				8D11072A0486CEB800E47090 /* MainMenu.nib in Resources */,
				8D11072B0486CEB800E47090 /* InfoPlist.strings in Resources */,
				34D76244109B928A008C4DE7 /* padsl-usage.txt in Resources */,
				341EE25D10A52B20005A90FD /* Copying.txt in Resources */,
			);
			runOnlyForDeploymentPostprocessing = 0;
		};
/* End PBXResourcesBuildPhase section */

/* Begin PBXSourcesBuildPhase section */
		8D11072C0486CEB800E47090 /* Sources */ = {
			isa = PBXSourcesBuildPhase;
			buildActionMask = 2147483647;
			files = (
				8D11072D0486CEB800E47090 /* main.m in Sources */,
				34BC59AB10998237006F5082 /* ASInetUsageController.m in Sources */,
				34BC5A5A1099F356006F5082 /* ASHistoryDay.m in Sources */,
				34BC5A8F1099F740006F5082 /* ASHistoryPeriod.m in Sources */,
				34BC5AF0109A03F1006F5082 /* ASHistory.m in Sources */,
				34A7DADF109EC3EA00FFF556 /* ASHistoryView.m in Sources */,
			);
			runOnlyForDeploymentPostprocessing = 0;
		};
/* End PBXSourcesBuildPhase section */

/* Begin PBXVariantGroup section */
		089C165CFE840E0CC02AAC07 /* InfoPlist.strings */ = {
			isa = PBXVariantGroup;
			children = (
				089C165DFE840E0CC02AAC07 /* English */,
			);
			name = InfoPlist.strings;
			sourceTree = "<group>";
		};
		29B97318FDCFA39411CA2CEA /* MainMenu.nib */ = {
			isa = PBXVariantGroup;
			children = (
				29B97319FDCFA39411CA2CEA /* English */,
			);
			name = MainMenu.nib;
			sourceTree = "<group>";
		};
/* End PBXVariantGroup section */

/* Begin XCBuildConfiguration section */
		C01FCF4B08A954540054247B /* Debug */ = {
			isa = XCBuildConfiguration;
			buildSettings = {
				FRAMEWORK_SEARCH_PATHS = (
					"$(inherited)",
					"$(FRAMEWORK_SEARCH_PATHS_QUOTED_FOR_TARGET_1)",
					"$(FRAMEWORK_SEARCH_PATHS_QUOTED_FOR_TARGET_2)",
				);
				FRAMEWORK_SEARCH_PATHS_QUOTED_FOR_TARGET_1 = "\"$(SRCROOT)/../../curlHandle/codesvn-git/CURLHandleSource/build/Debug\"";
				GCC_PREFIX_HEADER = InternetUsage_Prefix.pch;
				INFOPLIST_FILE = Info.plist;
				PRODUCT_NAME = InodeUsage;
			};
			name = Debug;
		};
		C01FCF4C08A954540054247B /* Release */ = {
			isa = XCBuildConfiguration;
			buildSettings = {
				FRAMEWORK_SEARCH_PATHS = (
					"$(inherited)",
					"$(FRAMEWORK_SEARCH_PATHS_QUOTED_FOR_TARGET_1)",
				);
				FRAMEWORK_SEARCH_PATHS_QUOTED_FOR_TARGET_1 = "\"$(SRCROOT)/../../curlHandle/codesvn-git/CURLHandleSource/build/Release\"";
				GCC_PREFIX_HEADER = InternetUsage_Prefix.pch;
				INFOPLIST_FILE = Info.plist;
				PRODUCT_NAME = InodeUsage;
			};
			name = Release;
		};
		C01FCF4F08A954540054247B /* Debug */ = {
			isa = XCBuildConfiguration;
			buildSettings = {
				CURRENT_PROJECT_VERSION = 1;
				GCC_DEBUGGING_SYMBOLS = full;
				GCC_ENABLE_FIX_AND_CONTINUE = YES;
				GCC_FAST_OBJC_DISPATCH = YES;
				GCC_OPTIMIZATION_LEVEL = 0;
				GCC_PRECOMPILE_PREFIX_HEADER = YES;
				GCC_WARN_ABOUT_MISSING_NEWLINE = YES;
				GCC_WARN_ABOUT_MISSING_PROTOTYPES = YES;
				GCC_WARN_ABOUT_RETURN_TYPE = YES;
				GCC_WARN_CHECK_SWITCH_STATEMENTS = YES;
				GCC_WARN_EFFECTIVE_CPLUSPLUS_VIOLATIONS = YES;
				GCC_WARN_FOUR_CHARACTER_CONSTANTS = YES;
				GCC_WARN_HIDDEN_VIRTUAL_FUNCTIONS = YES;
				GCC_WARN_INITIALIZER_NOT_FULLY_BRACKETED = YES;
				GCC_WARN_MISSING_PARENTHESES = YES;
				GCC_WARN_NON_VIRTUAL_DESTRUCTOR = YES;
				GCC_WARN_SHADOW = YES;
				GCC_WARN_SIGN_COMPARE = YES;
				GCC_WARN_TYPECHECK_CALLS_TO_PRINTF = YES;
				GCC_WARN_UNINITIALIZED_AUTOS = NO;
				GCC_WARN_UNKNOWN_PRAGMAS = YES;
				GCC_WARN_UNUSED_FUNCTION = YES;
				GCC_WARN_UNUSED_LABEL = YES;
				GCC_WARN_UNUSED_PARAMETER = YES;
				GCC_WARN_UNUSED_VALUE = YES;
				GCC_WARN_UNUSED_VARIABLE = YES;
				GENERATE_PROFILING_CODE = YES;
				MACH_O_TYPE = mh_execute;
				MACOSX_DEPLOYMENT_TARGET = 10.4;
				PREBINDING = NO;
				SDKROOT = /Developer/SDKs/MacOSX10.4u.sdk;
				SKIP_INSTALL = YES;
				STRIP_INSTALLED_PRODUCT = NO;
				VERSIONING_SYSTEM = "apple-generic";
				ZERO_LINK = YES;
			};
			name = Debug;
		};
		C01FCF5008A954540054247B /* Release */ = {
			isa = XCBuildConfiguration;
			buildSettings = {
				ARCHS = (
					ppc,
					i386,
				);
				CURRENT_PROJECT_VERSION = 1;
				GCC_FAST_OBJC_DISPATCH = YES;
				GCC_GENERATE_DEBUGGING_SYMBOLS = NO;
				GCC_PRECOMPILE_PREFIX_HEADER = YES;
				MACH_O_TYPE = mh_execute;
				MACOSX_DEPLOYMENT_TARGET = 10.4;
				PREBINDING = YES;
				SDKROOT = /Developer/SDKs/MacOSX10.4u.sdk;
				SKIP_INSTALL = YES;
				VERSIONING_SYSTEM = "apple-generic";
			};
			name = Release;
		};
/* End XCBuildConfiguration section */

/* Begin XCConfigurationList section */
		C01FCF4A08A954540054247B /* Build configuration list for PBXNativeTarget "InodeUsage" */ = {
			isa = XCConfigurationList;
			buildConfigurations = (
				C01FCF4B08A954540054247B /* Debug */,
				C01FCF4C08A954540054247B /* Release */,
			);
			defaultConfigurationIsVisible = 0;
			defaultConfigurationName = Release;
		};
		C01FCF4E08A954540054247B /* Build configuration list for PBXProject "InodeUsage" */ = {
			isa = XCConfigurationList;
			buildConfigurations = (
				C01FCF4F08A954540054247B /* Debug */,
				C01FCF5008A954540054247B /* Release */,
			);
			defaultConfigurationIsVisible = 0;
			defaultConfigurationName = Release;
		};
/* End XCConfigurationList section */
	};
	rootObject = 29B97313FDCFA39411CA2CEA /* Project object */;
}
